
Microsoft Visual Studio Solution File, Format Version 12.00
# Visual Studio 14
VisualStudioVersion = 14.0.24720.0
MinimumVisualStudioVersion = 10.0.40219.1
Project("{FAE04EC0-301F-11D3-BF4B-00C04F79EFBC}") = "JenkinsTP", "JenkinsTP\JenkinsTP.csproj", "{34DDBC39-0139-4563-B502-1A3EB0A62D28}"
EndProject
Project("{FAE04EC0-301F-11D3-BF4B-00C04F79EFBC}") = "UnitTestNUnit", "UnitTestNUnit\UnitTestNUnit.csproj", "{CF4B3D8C-421B-41E0-8478-3E2C5DFFA5CA}"
EndProject
Global
	GlobalSection(SolutionConfigurationPlatforms) = preSolution
		Debug|Any CPU = Debug|Any CPU
		Release|Any CPU = Release|Any CPU
	EndGlobalSection
	GlobalSection(ProjectConfigurationPlatforms) = postSolution
		{34DDBC39-0139-4563-B502-1A3EB0A62D28}.Debug|Any CPU.ActiveCfg = Debug|Any CPU
		{34DDBC39-0139-4563-B502-1A3EB0A62D28}.Debug|Any CPU.Build.0 = Debug|Any CPU
		{34DDBC39-0139-4563-B502-1A3EB0A62D28}.Release|Any CPU.ActiveCfg = Release|Any CPU
		{34DDBC39-0139-4563-B502-1A3EB0A62D28}.Release|Any CPU.Build.0 = Release|Any CPU
		{CF4B3D8C-421B-41E0-8478-3E2C5DFFA5CA}.Debug|Any CPU.ActiveCfg = Debug|Any CPU
		{CF4B3D8C-421B-41E0-8478-3E2C5DFFA5CA}.Debug|Any CPU.Build.0 = Debug|Any CPU
		{CF4B3D8C-421B-41E0-8478-3E2C5DFFA5CA}.Release|Any CPU.ActiveCfg = Release|Any CPU
		{CF4B3D8C-421B-41E0-8478-3E2C5DFFA5CA}.Release|Any CPU.Build.0 = Release|Any CPU
	EndGlobalSection
	GlobalSection(SolutionProperties) = preSolution
		HideSolutionNode = FALSE
	EndGlobalSection
EndGlobal
